PODS:
  - Clarifai-Apple-SDK (3.0.0-beta25)

DEPENDENCIES:
  - Clarifai-Apple-SDK (= 3.0.0-beta25)

SPEC REPOS:
  https://github.com/cocoapods/specs.git:
    - Clarifai-Apple-SDK

SPEC CHECKSUMS:
  Clarifai-Apple-SDK: 4449a51e2b60ab9505f8e7c0432d1b31871e6493

PODFILE CHECKSUM: cdbe54a2289d98af7f440bc5aa14af150d190dda

COCOAPODS: 1.5.3
