PODS:
  - Clarifai-Apple-SDK (3.0.0-beta20)

DEPENDENCIES:
  - Clarifai-Apple-SDK (= 3.0.0-beta20)

SPEC REPOS:
  https://github.com/cocoapods/specs.git:
    - Clarifai-Apple-SDK

SPEC CHECKSUMS:
  Clarifai-Apple-SDK: e1023ab08623a9e96b6a991ac343c6425c838ee0

PODFILE CHECKSUM: b3bcaf4b0da7b7b86d2d95e97522034f02807fa3

COCOAPODS: 1.5.3
